[[dependencies]]
name = "chainlink-ccip"
version = "1.6.0"
git = "https://github.com/smartcontractkit/chainlink.git"
rev = "5dd09706665ee0073f8db7d5ec6e5c97eb44fb69"

[[dependencies]]
name = "chainlink-local"
version = "0.2.5"
git = "https://github.com/smartcontractkit/chainlink-local.git"
rev = "b429481536095867f9cd2c6480066c472b9594de"

[[dependencies]]
name = "forge-std"
version = "1.9.6"
url = "https://soldeer-revisions.s3.amazonaws.com/forge-std/1_9_6_01-02-2025_20:49:10_forge-std-1.9.zip"
checksum = "55f341818321b3f925161a72fd0dcd62e4a0a4b66785a7a932bf2bfaf96fb9d1"
integrity = "e9ecdc364d152157431e5df5aa041ffddbe9bb1c1ad81634b1e72df9e23814e8"

[[dependencies]]
name = "safe-utils"
version = "0.0.11"
git = "https://github.com/Recon-Fuzz/safe-utils.git"
rev = "094dc539532b7de9d710d3a1d118a776cd583726"

[[dependencies]]
name = "surl"
version = "1.0.0"
git = "https://github.com/memester-xyz/surl.git"
rev = "034c912ae9b5e707a5afd21f145b452ad8e800df"
