[[dependencies]]
name = "@openzeppelin-contracts"
version = "5.3.0"
url = "https://soldeer-revisions.s3.amazonaws.com/@openzeppelin-contracts/5_3_0_10-04-2025_10:51:50_contracts.zip"
checksum = "fa2bc3db351137c4d5eb32b738a814a541b78e87fbcbfeca825e189c4c787153"
integrity = "d69addf252dfe0688dcd893a7821cbee2421f8ce53d95ca0845a59530043cfd1"

[[dependencies]]
name = "base64"
version = "1.1.0"
git = "https://github.com/Brechtpd/base64.git"
rev = "4d85607b18d981acff392d2e99ba654305552a97"

[[dependencies]]
name = "clones-with-immutable-args"
version = "1.1.2"
git = "https://github.com/wighawag/clones-with-immutable-args.git"
rev = "196f1ecc6485c1bf2d41677fa01d3df4927ff9ce"

[[dependencies]]
name = "forge-std"
version = "1.9.6"
url = "https://soldeer-revisions.s3.amazonaws.com/forge-std/1_9_6_01-02-2025_20:49:10_forge-std-1.9.zip"
checksum = "55f341818321b3f925161a72fd0dcd62e4a0a4b66785a7a932bf2bfaf96fb9d1"
integrity = "e9ecdc364d152157431e5df5aa041ffddbe9bb1c1ad81634b1e72df9e23814e8"

[[dependencies]]
name = "surl"
version = "1.0.0"
git = "https://github.com/memester-xyz/surl.git"
rev = "034c912ae9b5e707a5afd21f145b452ad8e800df"
